// !$*UTF8*$!
{
	archiveVersion = 1;
	classes = {
	};
	objectVersion = 56;
	objects = {

/* Begin PBXBuildFile section */
		010000000000000000000001 /* DropShelfApp.swift in Sources */ = {isa = PBXBuildFile; fileRef = 020000000000000000000001 /* DropShelfApp.swift */; };
		010000000000000000000002 /* AppDelegate.swift in Sources */ = {isa = PBXBuildFile; fileRef = 020000000000000000000002 /* AppDelegate.swift */; };
		010000000000000000000003 /* ShakeDetector.swift in Sources */ = {isa = PBXBuildFile; fileRef = 020000000000000000000003 /* ShakeDetector.swift */; };
		010000000000000000000004 /* ShelfItem.swift in Sources */ = {isa = PBXBuildFile; fileRef = 020000000000000000000004 /* ShelfItem.swift */; };
		010000000000000000000005 /* ShelfManager.swift in Sources */ = {isa = PBXBuildFile; fileRef = 020000000000000000000005 /* ShelfManager.swift */; };
		010000000000000000000006 /* ShelfPanel.swift in Sources */ = {isa = PBXBuildFile; fileRef = 020000000000000000000006 /* ShelfPanel.swift */; };
		010000000000000000000007 /* ShelfDropHostingView.swift in Sources */ = {isa = PBXBuildFile; fileRef = 020000000000000000000007 /* ShelfDropHostingView.swift */; };
		010000000000000000000008 /* ShelfView.swift in Sources */ = {isa = PBXBuildFile; fileRef = 020000000000000000000008 /* ShelfView.swift */; };
		010000000000000000000009 /* ShelfItemView.swift in Sources */ = {isa = PBXBuildFile; fileRef = 020000000000000000000009 /* ShelfItemView.swift */; };
		01000000000000000000000A /* ShakeDetectorTests.swift in Sources */ = {isa = PBXBuildFile; fileRef = 02000000000000000000000A /* ShakeDetectorTests.swift */; };
		01000000000000000000000B /* XCTest.framework in Frameworks */ = {isa = PBXBuildFile; fileRef = 02000000000000000000000E /* XCTest.framework */; };
		01000000000000000000000C /* Assets.xcassets in Resources */ = {isa = PBXBuildFile; fileRef = 02000000000000000000000F /* Assets.xcassets */; };
		01000000000000000000000D /* MenuBarController.swift in Sources */ = {isa = PBXBuildFile; fileRef = 020000000000000000000010 /* MenuBarController.swift */; };
		01000000000000000000000E /* AppPreferences.swift in Sources */ = {isa = PBXBuildFile; fileRef = 020000000000000000000011 /* AppPreferences.swift */; };
		01000000000000000000000F /* SettingsView.swift in Sources */ = {isa = PBXBuildFile; fileRef = 020000000000000000000012 /* SettingsView.swift */; };
		010000000000000000000010 /* SettingsWindowController.swift in Sources */ = {isa = PBXBuildFile; fileRef = 020000000000000000000013 /* SettingsWindowController.swift */; };
/* End PBXBuildFile section */

/* Begin PBXContainerItemProxy section */
		030000000000000000000001 /* PBXContainerItemProxy */ = {
			isa = PBXContainerItemProxy;
			containerPortal = 090000000000000000000001 /* Project object */;
			proxyType = 1;
			remoteGlobalIDString = 070000000000000000000001;
			remoteInfo = DropShelf;
		};
/* End PBXContainerItemProxy section */

/* Begin PBXFileReference section */
		020000000000000000000001 /* DropShelfApp.swift */ = {isa = PBXFileReference; lastKnownFileType = sourcecode.swift; path = DropShelfApp.swift; sourceTree = "<group>"; };
		020000000000000000000002 /* AppDelegate.swift */ = {isa = PBXFileReference; lastKnownFileType = sourcecode.swift; path = AppDelegate.swift; sourceTree = "<group>"; };
		020000000000000000000003 /* ShakeDetector.swift */ = {isa = PBXFileReference; lastKnownFileType = sourcecode.swift; path = ShakeDetector.swift; sourceTree = "<group>"; };
		020000000000000000000004 /* ShelfItem.swift */ = {isa = PBXFileReference; lastKnownFileType = sourcecode.swift; path = ShelfItem.swift; sourceTree = "<group>"; };
		020000000000000000000005 /* ShelfManager.swift */ = {isa = PBXFileReference; lastKnownFileType = sourcecode.swift; path = ShelfManager.swift; sourceTree = "<group>"; };
		020000000000000000000006 /* ShelfPanel.swift */ = {isa = PBXFileReference; lastKnownFileType = sourcecode.swift; path = ShelfPanel.swift; sourceTree = "<group>"; };
		020000000000000000000007 /* ShelfDropHostingView.swift */ = {isa = PBXFileReference; lastKnownFileType = sourcecode.swift; path = ShelfDropHostingView.swift; sourceTree = "<group>"; };
		020000000000000000000008 /* ShelfView.swift */ = {isa = PBXFileReference; lastKnownFileType = sourcecode.swift; path = ShelfView.swift; sourceTree = "<group>"; };
		020000000000000000000009 /* ShelfItemView.swift */ = {isa = PBXFileReference; lastKnownFileType = sourcecode.swift; path = ShelfItemView.swift; sourceTree = "<group>"; };
		02000000000000000000000A /* ShakeDetectorTests.swift */ = {isa = PBXFileReference; lastKnownFileType = sourcecode.swift; path = ShakeDetectorTests.swift; sourceTree = "<group>"; };
		02000000000000000000000B /* Info.plist */ = {isa = PBXFileReference; lastKnownFileType = text.plist.xml; path = Info.plist; sourceTree = "<group>"; };
		02000000000000000000000C /* DropShelf.app */ = {isa = PBXFileReference; explicitFileType = wrapper.application; includeInIndex = 0; path = DropShelf.app; sourceTree = BUILT_PRODUCTS_DIR; };
		02000000000000000000000D /* DropShelfTests.xctest */ = {isa = PBXFileReference; explicitFileType = wrapper.cfbundle; includeInIndex = 0; path = DropShelfTests.xctest; sourceTree = BUILT_PRODUCTS_DIR; };
		02000000000000000000000E /* XCTest.framework */ = {isa = PBXFileReference; lastKnownFileType = wrapper.framework; name = XCTest.framework; path = System/Library/Frameworks/XCTest.framework; sourceTree = SDKROOT; };
		02000000000000000000000F /* Assets.xcassets */ = {isa = PBXFileReference; lastKnownFileType = folder.assetcatalog; path = Assets.xcassets; sourceTree = "<group>"; };
		020000000000000000000010 /* MenuBarController.swift */ = {isa = PBXFileReference; lastKnownFileType = sourcecode.swift; path = MenuBarController.swift; sourceTree = "<group>"; };
		020000000000000000000011 /* AppPreferences.swift */ = {isa = PBXFileReference; lastKnownFileType = sourcecode.swift; path = AppPreferences.swift; sourceTree = "<group>"; };
		020000000000000000000012 /* SettingsView.swift */ = {isa = PBXFileReference; lastKnownFileType = sourcecode.swift; path = SettingsView.swift; sourceTree = "<group>"; };
		020000000000000000000013 /* SettingsWindowController.swift */ = {isa = PBXFileReference; lastKnownFileType = sourcecode.swift; path = SettingsWindowController.swift; sourceTree = "<group>"; };
/* End PBXFileReference section */

/* Begin PBXFrameworksBuildPhase section */
		040000000000000000000001 /* Frameworks */ = {
			isa = PBXFrameworksBuildPhase;
			buildActionMask = 2147483647;
			files = (
			);
			runOnlyForDeploymentPostprocessing = 0;
		};
		040000000000000000000002 /* Frameworks */ = {
			isa = PBXFrameworksBuildPhase;
			buildActionMask = 2147483647;
			files = (
				01000000000000000000000B /* XCTest.framework in Frameworks */,
			);
			runOnlyForDeploymentPostprocessing = 0;
		};
/* End PBXFrameworksBuildPhase section */

/* Begin PBXGroup section */
		050000000000000000000001 = {
			isa = PBXGroup;
			children = (
				050000000000000000000002 /* DropShelf */,
				050000000000000000000007 /* DropShelfTests */,
				050000000000000000000008 /* Frameworks */,
				050000000000000000000009 /* Products */,
			);
			sourceTree = "<group>";
		};
		050000000000000000000002 /* DropShelf */ = {
			isa = PBXGroup;
			children = (
				02000000000000000000000F /* Assets.xcassets */,
				050000000000000000000003 /* App */,
				050000000000000000000004 /* Mouse */,
				050000000000000000000005 /* Shelf */,
				05000000000000000000000A /* Settings */,
				050000000000000000000006 /* Resources */,
			);
			path = DropShelf;
			sourceTree = "<group>";
		};
		050000000000000000000003 /* App */ = {
			isa = PBXGroup;
			children = (
				020000000000000000000001 /* DropShelfApp.swift */,
				020000000000000000000002 /* AppDelegate.swift */,
				020000000000000000000010 /* MenuBarController.swift */,
			);
			path = App;
			sourceTree = "<group>";
		};
		050000000000000000000004 /* Mouse */ = {
			isa = PBXGroup;
			children = (
				020000000000000000000003 /* ShakeDetector.swift */,
			);
			path = Mouse;
			sourceTree = "<group>";
		};
		050000000000000000000005 /* Shelf */ = {
			isa = PBXGroup;
			children = (
				020000000000000000000004 /* ShelfItem.swift */,
				020000000000000000000005 /* ShelfManager.swift */,
				020000000000000000000006 /* ShelfPanel.swift */,
				020000000000000000000007 /* ShelfDropHostingView.swift */,
				020000000000000000000008 /* ShelfView.swift */,
				020000000000000000000009 /* ShelfItemView.swift */,
			);
			path = Shelf;
			sourceTree = "<group>";
		};
		050000000000000000000006 /* Resources */ = {
			isa = PBXGroup;
			children = (
				02000000000000000000000B /* Info.plist */,
			);
			path = Resources;
			sourceTree = "<group>";
		};
		05000000000000000000000A /* Settings */ = {
			isa = PBXGroup;
			children = (
				020000000000000000000011 /* AppPreferences.swift */,
				020000000000000000000012 /* SettingsView.swift */,
				020000000000000000000013 /* SettingsWindowController.swift */,
			);
			path = Settings;
			sourceTree = "<group>";
		};
		050000000000000000000007 /* DropShelfTests */ = {
			isa = PBXGroup;
			children = (
				02000000000000000000000A /* ShakeDetectorTests.swift */,
			);
			path = DropShelfTests;
			sourceTree = "<group>";
		};
		050000000000000000000008 /* Frameworks */ = {
			isa = PBXGroup;
			children = (
				02000000000000000000000E /* XCTest.framework */,
			);
			name = Frameworks;
			sourceTree = "<group>";
		};
		050000000000000000000009 /* Products */ = {
			isa = PBXGroup;
			children = (
				02000000000000000000000C /* DropShelf.app */,
				02000000000000000000000D /* DropShelfTests.xctest */,
			);
			name = Products;
			sourceTree = "<group>";
		};
/* End PBXGroup section */

/* Begin PBXNativeTarget section */
		070000000000000000000001 /* DropShelf */ = {
			isa = PBXNativeTarget;
			buildConfigurationList = 0A0000000000000000000002 /* Build configuration list for PBXNativeTarget "DropShelf" */;
			buildPhases = (
				0B0000000000000000000001 /* Sources */,
				040000000000000000000001 /* Frameworks */,
				0C0000000000000000000001 /* Resources */,
			);
			buildRules = (
			);
			dependencies = (
			);
			name = DropShelf;
			productName = DropShelf;
			productReference = 02000000000000000000000C /* DropShelf.app */;
			productType = "com.apple.product-type.application";
		};
		070000000000000000000002 /* DropShelfTests */ = {
			isa = PBXNativeTarget;
			buildConfigurationList = 0A0000000000000000000003 /* Build configuration list for PBXNativeTarget "DropShelfTests" */;
			buildPhases = (
				0B0000000000000000000002 /* Sources */,
				040000000000000000000002 /* Frameworks */,
				0C0000000000000000000002 /* Resources */,
			);
			buildRules = (
			);
			dependencies = (
				0D0000000000000000000001 /* PBXTargetDependency */,
			);
			name = DropShelfTests;
			productName = DropShelfTests;
			productReference = 02000000000000000000000D /* DropShelfTests.xctest */;
			productType = "com.apple.product-type.bundle.unit-test";
		};
/* End PBXNativeTarget section */

/* Begin PBXProject section */
		090000000000000000000001 /* Project object */ = {
			isa = PBXProject;
			attributes = {
				BuildIndependentTargetsInParallel = 1;
				LastSwiftUpdateCheck = 1640;
				LastUpgradeCheck = 1640;
				TargetAttributes = {
					070000000000000000000001 = {
						CreatedOnToolsVersion = 16.4;
					};
					070000000000000000000002 = {
						CreatedOnToolsVersion = 16.4;
						TestTargetID = 070000000000000000000001;
					};
				};
			};
			buildConfigurationList = 0A0000000000000000000001 /* Build configuration list for PBXProject "DropShelf" */;
			compatibilityVersion = "Xcode 14.0";
			developmentRegion = en;
			hasScannedForEncodings = 0;
			knownRegions = (
				en,
				Base,
			);
			mainGroup = 050000000000000000000001;
			productRefGroup = 050000000000000000000009 /* Products */;
			projectDirPath = "";
			projectRoot = "";
			targets = (
				070000000000000000000001 /* DropShelf */,
				070000000000000000000002 /* DropShelfTests */,
			);
		};
/* End PBXProject section */

/* Begin PBXResourcesBuildPhase section */
		0C0000000000000000000001 /* Resources */ = {
			isa = PBXResourcesBuildPhase;
			buildActionMask = 2147483647;
			files = (
				01000000000000000000000C /* Assets.xcassets in Resources */,
			);
			runOnlyForDeploymentPostprocessing = 0;
		};
		0C0000000000000000000002 /* Resources */ = {
			isa = PBXResourcesBuildPhase;
			buildActionMask = 2147483647;
			files = (
			);
			runOnlyForDeploymentPostprocessing = 0;
		};
/* End PBXResourcesBuildPhase section */

/* Begin PBXSourcesBuildPhase section */
		0B0000000000000000000001 /* Sources */ = {
			isa = PBXSourcesBuildPhase;
			buildActionMask = 2147483647;
			files = (
				010000000000000000000001 /* DropShelfApp.swift in Sources */,
				010000000000000000000002 /* AppDelegate.swift in Sources */,
				01000000000000000000000D /* MenuBarController.swift in Sources */,
				010000000000000000000003 /* ShakeDetector.swift in Sources */,
				01000000000000000000000E /* AppPreferences.swift in Sources */,
				01000000000000000000000F /* SettingsView.swift in Sources */,
				010000000000000000000010 /* SettingsWindowController.swift in Sources */,
				010000000000000000000004 /* ShelfItem.swift in Sources */,
				010000000000000000000005 /* ShelfManager.swift in Sources */,
				010000000000000000000006 /* ShelfPanel.swift in Sources */,
				010000000000000000000007 /* ShelfDropHostingView.swift in Sources */,
				010000000000000000000008 /* ShelfView.swift in Sources */,
				010000000000000000000009 /* ShelfItemView.swift in Sources */,
			);
			runOnlyForDeploymentPostprocessing = 0;
		};
		0B0000000000000000000002 /* Sources */ = {
			isa = PBXSourcesBuildPhase;
			buildActionMask = 2147483647;
			files = (
				01000000000000000000000A /* ShakeDetectorTests.swift in Sources */,
			);
			runOnlyForDeploymentPostprocessing = 0;
		};
/* End PBXSourcesBuildPhase section */

/* Begin PBXTargetDependency section */
		0D0000000000000000000001 /* PBXTargetDependency */ = {
			isa = PBXTargetDependency;
			target = 070000000000000000000001 /* DropShelf */;
			targetProxy = 030000000000000000000001 /* PBXContainerItemProxy */;
		};
/* End PBXTargetDependency section */

/* Begin XCBuildConfiguration section */
		0E0000000000000000000001 /* Debug */ = {
			isa = XCBuildConfiguration;
			buildSettings = {
				ALWAYS_SEARCH_USER_PATHS = NO;
				CLANG_ANALYZER_NONNULL = YES;
				CLANG_ANALYZER_NUMBER_OBJECT_CONVERSION = YES_AGGRESSIVE;
				CLANG_CXX_LANGUAGE_STANDARD = "gnu++20";
				CLANG_ENABLE_MODULES = YES;
				CLANG_ENABLE_OBJC_ARC = YES;
				CLANG_ENABLE_OBJC_WEAK = YES;
				CLANG_WARN_BLOCK_CAPTURE_AUTORELEASING = YES;
				CLANG_WARN_BOOL_CONVERSION = YES;
				CLANG_WARN_COMMA = YES;
				CLANG_WARN_CONSTANT_CONVERSION = YES;
				CLANG_WARN_DEPRECATED_OBJC_IMPLEMENTATIONS = YES;
				CLANG_WARN_DIRECT_OBJC_ISA_USAGE = YES_ERROR;
				CLANG_WARN_DOCUMENTATION_COMMENTS = YES;
				CLANG_WARN_EMPTY_BODY = YES;
				CLANG_WARN_ENUM_CONVERSION = YES;
				CLANG_WARN_INFINITE_RECURSION = YES;
				CLANG_WARN_INT_CONVERSION = YES;
				CLANG_WARN_NON_LITERAL_NULL_CONVERSION = YES;
				CLANG_WARN_OBJC_IMPLICIT_RETAIN_SELF = YES;
				CLANG_WARN_OBJC_LITERAL_CONVERSION = YES;
				CLANG_WARN_OBJC_ROOT_CLASS = YES_ERROR;
				CLANG_WARN_QUOTED_INCLUDE_IN_FRAMEWORK_HEADER = YES;
				CLANG_WARN_RANGE_LOOP_ANALYSIS = YES;
				CLANG_WARN_STRICT_PROTOTYPES = YES;
				CLANG_WARN_SUSPICIOUS_MOVE = YES;
				CLANG_WARN_UNGUARDED_AVAILABILITY = YES_AGGRESSIVE;
				CLANG_WARN_UNREACHABLE_CODE = YES;
				CLANG_WARN__DUPLICATE_METHOD_MATCH = YES;
				COPY_PHASE_STRIP = NO;
				DEBUG_INFORMATION_FORMAT = dwarf;
				ENABLE_STRICT_OBJC_MSGSEND = YES;
				ENABLE_TESTABILITY = YES;
				ENABLE_USER_SCRIPT_SANDBOXING = YES;
				GCC_C_LANGUAGE_STANDARD = gnu17;
				GCC_DYNAMIC_NO_PIC = NO;
				GCC_NO_COMMON_BLOCKS = YES;
				GCC_OPTIMIZATION_LEVEL = 0;
				GCC_PREPROCESSOR_DEFINITIONS = (
					"DEBUG=1",
					"$(inherited)",
				);
				GCC_WARN_64_TO_32_BIT_CONVERSION = YES;
				GCC_WARN_ABOUT_RETURN_TYPE = YES_ERROR;
				GCC_WARN_UNDECLARED_SELECTOR = YES;
				GCC_WARN_UNINITIALIZED_AUTOS = YES_AGGRESSIVE;
				GCC_WARN_UNUSED_FUNCTION = YES;
				GCC_WARN_UNUSED_VARIABLE = YES;
				LOCALIZATION_PREFERS_STRING_CATALOGS = YES;
				MACOSX_DEPLOYMENT_TARGET = 13.0;
				MTL_ENABLE_DEBUG_INFO = INCLUDE_SOURCE;
				MTL_FAST_MATH = YES;
				ONLY_ACTIVE_ARCH = YES;
				SDKROOT = macosx;
				SWIFT_ACTIVE_COMPILATION_CONDITIONS = "DEBUG $(inherited)";
				SWIFT_OPTIMIZATION_LEVEL = "-Onone";
			};
			name = Debug;
		};
		0E0000000000000000000002 /* Release */ = {
			isa = XCBuildConfiguration;
			buildSettings = {
				ALWAYS_SEARCH_USER_PATHS = NO;
				CLANG_ANALYZER_NONNULL = YES;
				CLANG_ANALYZER_NUMBER_OBJECT_CONVERSION = YES_AGGRESSIVE;
				CLANG_CXX_LANGUAGE_STANDARD = "gnu++20";
				CLANG_ENABLE_MODULES = YES;
				CLANG_ENABLE_OBJC_ARC = YES;
				CLANG_ENABLE_OBJC_WEAK = YES;
				CLANG_WARN_BLOCK_CAPTURE_AUTORELEASING = YES;
				CLANG_WARN_BOOL_CONVERSION = YES;
				CLANG_WARN_COMMA = YES;
				CLANG_WARN_CONSTANT_CONVERSION = YES;
				CLANG_WARN_DEPRECATED_OBJC_IMPLEMENTATIONS = YES;
				CLANG_WARN_DIRECT_OBJC_ISA_USAGE = YES_ERROR;
				CLANG_WARN_DOCUMENTATION_COMMENTS = YES;
				CLANG_WARN_EMPTY_BODY = YES;
				CLANG_WARN_ENUM_CONVERSION = YES;
				CLANG_WARN_INFINITE_RECURSION = YES;
				CLANG_WARN_INT_CONVERSION = YES;
				CLANG_WARN_NON_LITERAL_NULL_CONVERSION = YES;
				CLANG_WARN_OBJC_IMPLICIT_RETAIN_SELF = YES;
				CLANG_WARN_OBJC_LITERAL_CONVERSION = YES;
				CLANG_WARN_OBJC_ROOT_CLASS = YES_ERROR;
				CLANG_WARN_QUOTED_INCLUDE_IN_FRAMEWORK_HEADER = YES;
				CLANG_WARN_RANGE_LOOP_ANALYSIS = YES;
				CLANG_WARN_STRICT_PROTOTYPES = YES;
				CLANG_WARN_SUSPICIOUS_MOVE = YES;
				CLANG_WARN_UNGUARDED_AVAILABILITY = YES_AGGRESSIVE;
				CLANG_WARN_UNREACHABLE_CODE = YES;
				CLANG_WARN__DUPLICATE_METHOD_MATCH = YES;
				COPY_PHASE_STRIP = NO;
				DEBUG_INFORMATION_FORMAT = "dwarf-with-dsym";
				ENABLE_NS_ASSERTIONS = NO;
				ENABLE_STRICT_OBJC_MSGSEND = YES;
				ENABLE_USER_SCRIPT_SANDBOXING = YES;
				GCC_C_LANGUAGE_STANDARD = gnu17;
				GCC_NO_COMMON_BLOCKS = YES;
				GCC_WARN_64_TO_32_BIT_CONVERSION = YES;
				GCC_WARN_ABOUT_RETURN_TYPE = YES_ERROR;
				GCC_WARN_UNDECLARED_SELECTOR = YES;
				GCC_WARN_UNINITIALIZED_AUTOS = YES_AGGRESSIVE;
				GCC_WARN_UNUSED_FUNCTION = YES;
				GCC_WARN_UNUSED_VARIABLE = YES;
				LOCALIZATION_PREFERS_STRING_CATALOGS = YES;
				MACOSX_DEPLOYMENT_TARGET = 13.0;
				MTL_ENABLE_DEBUG_INFO = NO;
				MTL_FAST_MATH = YES;
				SDKROOT = macosx;
				SWIFT_COMPILATION_MODE = wholemodule;
		};
			name = Release;
		};
		0E0000000000000000000003 /* Debug */ = {
			isa = XCBuildConfiguration;
			buildSettings = {
				ASSETCATALOG_COMPILER_APPICON_NAME = AppIcon;
				CODE_SIGN_STYLE = Automatic;
				COMBINE_HIDPI_IMAGES = YES;
				CURRENT_PROJECT_VERSION = 1;
				ENABLE_APP_SANDBOX = NO;
				ENABLE_HARDENED_RUNTIME = YES;
				GENERATE_INFOPLIST_FILE = NO;
				INFOPLIST_FILE = DropShelf/Resources/Info.plist;
				LD_RUNPATH_SEARCH_PATHS = (
					"$(inherited)",
					"@executable_path/../Frameworks",
				);
				MARKETING_VERSION = 1.0;
				PRODUCT_BUNDLE_IDENTIFIER = com.example.DropShelf;
				PRODUCT_NAME = "$(TARGET_NAME)";
				SWIFT_EMIT_LOC_STRINGS = YES;
				SWIFT_VERSION = 5.0;
			};
			name = Debug;
		};
		0E0000000000000000000004 /* Release */ = {
			isa = XCBuildConfiguration;
			buildSettings = {
				ASSETCATALOG_COMPILER_APPICON_NAME = AppIcon;
				CODE_SIGN_STYLE = Automatic;
				COMBINE_HIDPI_IMAGES = YES;
				CURRENT_PROJECT_VERSION = 1;
				ENABLE_APP_SANDBOX = NO;
				ENABLE_HARDENED_RUNTIME = YES;
				GENERATE_INFOPLIST_FILE = NO;
				INFOPLIST_FILE = DropShelf/Resources/Info.plist;
				LD_RUNPATH_SEARCH_PATHS = (
					"$(inherited)",
					"@executable_path/../Frameworks",
				);
				MARKETING_VERSION = 1.0;
				PRODUCT_BUNDLE_IDENTIFIER = com.example.DropShelf;
				PRODUCT_NAME = "$(TARGET_NAME)";
				SWIFT_EMIT_LOC_STRINGS = YES;
				SWIFT_VERSION = 5.0;
			};
			name = Release;
		};
		0E0000000000000000000005 /* Debug */ = {
			isa = XCBuildConfiguration;
			buildSettings = {
				BUNDLE_LOADER = "$(TEST_HOST)";
				CODE_SIGN_STYLE = Automatic;
				GENERATE_INFOPLIST_FILE = YES;
				LD_RUNPATH_SEARCH_PATHS = (
					"$(inherited)",
					"@executable_path/../Frameworks",
					"@loader_path/../Frameworks",
				);
				PRODUCT_BUNDLE_IDENTIFIER = com.example.DropShelfTests;
				PRODUCT_NAME = "$(TARGET_NAME)";
				SWIFT_EMIT_LOC_STRINGS = NO;
				SWIFT_VERSION = 5.0;
				TEST_HOST = "$(BUILT_PRODUCTS_DIR)/DropShelf.app/Contents/MacOS/DropShelf";
			};
			name = Debug;
		};
		0E0000000000000000000006 /* Release */ = {
			isa = XCBuildConfiguration;
			buildSettings = {
				BUNDLE_LOADER = "$(TEST_HOST)";
				CODE_SIGN_STYLE = Automatic;
				GENERATE_INFOPLIST_FILE = YES;
				LD_RUNPATH_SEARCH_PATHS = (
					"$(inherited)",
					"@executable_path/../Frameworks",
					"@loader_path/../Frameworks",
				);
				PRODUCT_BUNDLE_IDENTIFIER = com.example.DropShelfTests;
				PRODUCT_NAME = "$(TARGET_NAME)";
				SWIFT_EMIT_LOC_STRINGS = NO;
				SWIFT_VERSION = 5.0;
				TEST_HOST = "$(BUILT_PRODUCTS_DIR)/DropShelf.app/Contents/MacOS/DropShelf";
			};
			name = Release;
		};
/* End XCBuildConfiguration section */

/* Begin XCConfigurationList section */
		0A0000000000000000000001 /* Build configuration list for PBXProject "DropShelf" */ = {
			isa = XCConfigurationList;
			buildConfigurations = (
				0E0000000000000000000001 /* Debug */,
				0E0000000000000000000002 /* Release */,
			);
			defaultConfigurationIsVisible = 0;
			defaultConfigurationName = Release;
		};
		0A0000000000000000000002 /* Build configuration list for PBXNativeTarget "DropShelf" */ = {
			isa = XCConfigurationList;
			buildConfigurations = (
				0E0000000000000000000003 /* Debug */,
				0E0000000000000000000004 /* Release */,
			);
			defaultConfigurationIsVisible = 0;
			defaultConfigurationName = Release;
		};
		0A0000000000000000000003 /* Build configuration list for PBXNativeTarget "DropShelfTests" */ = {
			isa = XCConfigurationList;
			buildConfigurations = (
				0E0000000000000000000005 /* Debug */,
				0E0000000000000000000006 /* Release */,
			);
			defaultConfigurationIsVisible = 0;
			defaultConfigurationName = Release;
		};
/* End XCConfigurationList section */
	};
	rootObject = 090000000000000000000001 /* Project object */;
}
